{
  "nodes": {
    "coq-master": {
      "inputs": {
        "flake-utils": [
          "flake-utils"
        ],
        "nixpkgs": [
          "nixpkgs"
        ]
      },
      "locked": {
        "lastModified": 1713708526,
        "narHash": "sha256-NDjPSAHj/0oojciDO7XD5e8HO6e0hwZc3FzdJQCH40U=",
        "owner": "coq",
        "repo": "coq",
        "rev": "88a27ca8095f1daa7ee2a49ae5e13bf2801e8adf",
        "type": "github"
      },
      "original": {
        "owner": "coq",
        "repo": "coq",
        "type": "github"
      }
    },
    "flake-utils": {
      "inputs": {
        "systems": "systems"
      },
      "locked": {
        "lastModified": 1710146030,
        "narHash": "sha256-SZ5L6eA7HJ/nmkzGG7/ISclqe6oZdOZTNoesiInkXPQ=",
        "owner": "numtide",
        "repo": "flake-utils",
        "rev": "b1d9ab70662946ef0850d488da1c9019f3a9752a",
        "type": "github"
      },
      "original": {
        "owner": "numtide",
        "repo": "flake-utils",
        "type": "github"
      }
    },
    "nixpkgs": {
      "locked": {
        "lastModified": 1713794880,
        "narHash": "sha256-7rjWgBMEB4wnjvlbQTcC4EsBjtX54nnFcm2UmAkglkc=",
        "owner": "nixos",
        "repo": "nixpkgs",
        "rev": "d1b037e02b0bc018d45586584b50f95ceddc021d",
        "type": "github"
      },
      "original": {
        "owner": "nixos",
        "repo": "nixpkgs",
        "type": "github"
      }
    },
    "root": {
      "inputs": {
        "coq-master": "coq-master",
        "flake-utils": "flake-utils",
        "nixpkgs": "nixpkgs"
      }
    },
    "systems": {
      "locked": {
        "lastModified": 1681028828,
        "narHash": "sha256-Vy1rq5AaRuLzOxct8nz4T6wlgyUR7zLU309k9mBC768=",
        "owner": "nix-systems",
        "repo": "default",
        "rev": "da67096a3b9bf56a91d16901293e51ba5b49a27e",
        "type": "github"
      },
      "original": {
        "owner": "nix-systems",
        "repo": "default",
        "type": "github"
      }
    }
  },
  "root": "root",
  "version": 7
}
